// !$*UTF8*$!
{
	archiveVersion = 1;
	classes = {
	};
	objectVersion = 77;
	objects = {

/* Begin PBXBuildFile section */
		ACB56EC82DE8460D00F3404A /* ShareSheetData.swift in Sources */ = {isa = PBXBuildFile; fileRef = ACB56EC72DE8460D00F3404A /* ShareSheetData.swift */; };
		ACB56ECA2DE846C200F3404A /* ActivityView.swift in Sources */ = {isa = PBXBuildFile; fileRef = ACB56EC92DE846C200F3404A /* ActivityView.swift */; };
		ACDB2F742DCCF7D300AE0FDA /* Assets.xcassets in Resources */ = {isa = PBXBuildFile; fileRef = ACDB2F702DCCF7D300AE0FDA /* Assets.xcassets */; };
		ACDB2F752DCCF7D300AE0FDA /* ContentView.swift in Sources */ = {isa = PBXBuildFile; fileRef = ACDB2F712DCCF7D300AE0FDA /* ContentView.swift */; };
		ACDB2F762DCCF7D300AE0FDA /* Joiefull_P12_OCApp.swift in Sources */ = {isa = PBXBuildFile; fileRef = ACDB2F722DCCF7D300AE0FDA /* Joiefull_P12_OCApp.swift */; };
		ACDB2F782DCD006D00AE0FDA /* TextStyle.swift in Sources */ = {isa = PBXBuildFile; fileRef = ACDB2F772DCD006D00AE0FDA /* TextStyle.swift */; };
		ACDB2F7C2DCD012F00AE0FDA /* OpenSans-SemiBold.ttf in Resources */ = {isa = PBXBuildFile; fileRef = ACDB2F7B2DCD012F00AE0FDA /* OpenSans-SemiBold.ttf */; };
		ACDB2F7E2DCD013D00AE0FDA /* OpenSans-Regular.ttf in Resources */ = {isa = PBXBuildFile; fileRef = ACDB2F7D2DCD013D00AE0FDA /* OpenSans-Regular.ttf */; };
		ACDB2F812DCD041000AE0FDA /* ClothingItem.swift in Sources */ = {isa = PBXBuildFile; fileRef = ACDB2F802DCD041000AE0FDA /* ClothingItem.swift */; };
		ACDB2F832DCD042500AE0FDA /* APIService.swift in Sources */ = {isa = PBXBuildFile; fileRef = ACDB2F822DCD042500AE0FDA /* APIService.swift */; };
		ACDB2F852DCD46B800AE0FDA /* CatalogView.swift in Sources */ = {isa = PBXBuildFile; fileRef = ACDB2F842DCD46B800AE0FDA /* CatalogView.swift */; };
		ACDB2F8A2DCD580900AE0FDA /* CatalogItemCard.swift in Sources */ = {isa = PBXBuildFile; fileRef = ACDB2F892DCD580900AE0FDA /* CatalogItemCard.swift */; };
		ACDB2F8E2DCDECE900AE0FDA /* ItemDetailView.swift in Sources */ = {isa = PBXBuildFile; fileRef = ACDB2F8D2DCDECE900AE0FDA /* ItemDetailView.swift */; };
		ACDB2F902DCDF08500AE0FDA /* Components.swift in Sources */ = {isa = PBXBuildFile; fileRef = ACDB2F8F2DCDF08500AE0FDA /* Components.swift */; };
		ACDF2AFA2DDF4B1F0091D9B3 /* DataService.swift in Sources */ = {isa = PBXBuildFile; fileRef = ACDF2AF92DDF4B1F0091D9B3 /* DataService.swift */; };
		ACDF2B0C2DE044290091D9B3 /* CatalogViewModelTests.swift in Sources */ = {isa = PBXBuildFile; fileRef = ACDF2B0B2DE044290091D9B3 /* CatalogViewModelTests.swift */; };
		ACDF2B0E2DE044380091D9B3 /* MockDataService.swift in Sources */ = {isa = PBXBuildFile; fileRef = ACDF2B0D2DE044380091D9B3 /* MockDataService.swift */; };
		ACDF2B102DE0485E0091D9B3 /* MockAPIService.swift in Sources */ = {isa = PBXBuildFile; fileRef = ACDF2B0F2DE0485E0091D9B3 /* MockAPIService.swift */; };
		ACE35FD02DD73011004D5D72 /* CatalogViewModel.swift in Sources */ = {isa = PBXBuildFile; fileRef = ACE35FCF2DD73011004D5D72 /* CatalogViewModel.swift */; };
/* End PBXBuildFile section */

/* Begin PBXContainerItemProxy section */
		ACDF2B032DE043DF0091D9B3 /* PBXContainerItemProxy */ = {
			isa = PBXContainerItemProxy;
			containerPortal = ACDB2F5A2DCCF7CD00AE0FDA /* Project object */;
			proxyType = 1;
			remoteGlobalIDString = ACDB2F612DCCF7CD00AE0FDA;
			remoteInfo = Joiefull_P12_OC;
		};
/* End PBXContainerItemProxy section */

/* Begin PBXFileReference section */
		ACB56EC72DE8460D00F3404A /* ShareSheetData.swift */ = {isa = PBXFileReference; lastKnownFileType = sourcecode.swift; path = ShareSheetData.swift; sourceTree = "<group>"; };
		ACB56EC92DE846C200F3404A /* ActivityView.swift */ = {isa = PBXFileReference; lastKnownFileType = sourcecode.swift; path = ActivityView.swift; sourceTree = "<group>"; };
		ACDB2F622DCCF7CD00AE0FDA /* Joiefull_P12_OC.app */ = {isa = PBXFileReference; explicitFileType = wrapper.application; includeInIndex = 0; path = Joiefull_P12_OC.app; sourceTree = BUILT_PRODUCTS_DIR; };
		ACDB2F702DCCF7D300AE0FDA /* Assets.xcassets */ = {isa = PBXFileReference; lastKnownFileType = folder.assetcatalog; path = Assets.xcassets; sourceTree = "<group>"; };
		ACDB2F712DCCF7D300AE0FDA /* ContentView.swift */ = {isa = PBXFileReference; lastKnownFileType = sourcecode.swift; path = ContentView.swift; sourceTree = "<group>"; };
		ACDB2F722DCCF7D300AE0FDA /* Joiefull_P12_OCApp.swift */ = {isa = PBXFileReference; lastKnownFileType = sourcecode.swift; path = Joiefull_P12_OCApp.swift; sourceTree = "<group>"; };
		ACDB2F772DCD006D00AE0FDA /* TextStyle.swift */ = {isa = PBXFileReference; lastKnownFileType = sourcecode.swift; path = TextStyle.swift; sourceTree = "<group>"; };
		ACDB2F7B2DCD012F00AE0FDA /* OpenSans-SemiBold.ttf */ = {isa = PBXFileReference; lastKnownFileType = file; path = "OpenSans-SemiBold.ttf"; sourceTree = "<group>"; };
		ACDB2F7D2DCD013D00AE0FDA /* OpenSans-Regular.ttf */ = {isa = PBXFileReference; lastKnownFileType = file; path = "OpenSans-Regular.ttf"; sourceTree = "<group>"; };
		ACDB2F7F2DCD018D00AE0FDA /* Joiefull-P12-OC-Info.plist */ = {isa = PBXFileReference; lastKnownFileType = text.plist; path = "Joiefull-P12-OC-Info.plist"; sourceTree = SOURCE_ROOT; };
		ACDB2F802DCD041000AE0FDA /* ClothingItem.swift */ = {isa = PBXFileReference; lastKnownFileType = sourcecode.swift; path = ClothingItem.swift; sourceTree = "<group>"; };
		ACDB2F822DCD042500AE0FDA /* APIService.swift */ = {isa = PBXFileReference; lastKnownFileType = sourcecode.swift; path = APIService.swift; sourceTree = "<group>"; };
		ACDB2F842DCD46B800AE0FDA /* CatalogView.swift */ = {isa = PBXFileReference; lastKnownFileType = sourcecode.swift; path = CatalogView.swift; sourceTree = "<group>"; };
		ACDB2F892DCD580900AE0FDA /* CatalogItemCard.swift */ = {isa = PBXFileReference; lastKnownFileType = sourcecode.swift; path = CatalogItemCard.swift; sourceTree = "<group>"; };
		ACDB2F8D2DCDECE900AE0FDA /* ItemDetailView.swift */ = {isa = PBXFileReference; lastKnownFileType = sourcecode.swift; path = ItemDetailView.swift; sourceTree = "<group>"; };
		ACDB2F8F2DCDF08500AE0FDA /* Components.swift */ = {isa = PBXFileReference; lastKnownFileType = sourcecode.swift; path = Components.swift; sourceTree = "<group>"; };
		ACDF2AF92DDF4B1F0091D9B3 /* DataService.swift */ = {isa = PBXFileReference; lastKnownFileType = sourcecode.swift; path = DataService.swift; sourceTree = "<group>"; };
		ACDF2AFF2DE043DF0091D9B3 /* Joiefull_P12_OCTests.xctest */ = {isa = PBXFileReference; explicitFileType = wrapper.cfbundle; includeInIndex = 0; path = Joiefull_P12_OCTests.xctest; sourceTree = BUILT_PRODUCTS_DIR; };
		ACDF2B0B2DE044290091D9B3 /* CatalogViewModelTests.swift */ = {isa = PBXFileReference; lastKnownFileType = sourcecode.swift; path = CatalogViewModelTests.swift; sourceTree = "<group>"; };
		ACDF2B0D2DE044380091D9B3 /* MockDataService.swift */ = {isa = PBXFileReference; lastKnownFileType = sourcecode.swift; path = MockDataService.swift; sourceTree = "<group>"; };
		ACDF2B0F2DE0485E0091D9B3 /* MockAPIService.swift */ = {isa = PBXFileReference; lastKnownFileType = sourcecode.swift; path = MockAPIService.swift; sourceTree = "<group>"; };
		ACE35FCF2DD73011004D5D72 /* CatalogViewModel.swift */ = {isa = PBXFileReference; lastKnownFileType = sourcecode.swift; path = CatalogViewModel.swift; sourceTree = "<group>"; };
/* End PBXFileReference section */

/* Begin PBXFrameworksBuildPhase section */
		ACDB2F5F2DCCF7CD00AE0FDA /* Frameworks */ = {
			isa = PBXFrameworksBuildPhase;
			buildActionMask = 2147483647;
			files = (
			);
			runOnlyForDeploymentPostprocessing = 0;
		};
		ACDF2AFC2DE043DF0091D9B3 /* Frameworks */ = {
			isa = PBXFrameworksBuildPhase;
			buildActionMask = 2147483647;
			files = (
			);
			runOnlyForDeploymentPostprocessing = 0;
		};
/* End PBXFrameworksBuildPhase section */

/* Begin PBXGroup section */
		ACDB2F592DCCF7CD00AE0FDA = {
			isa = PBXGroup;
			children = (
				ACDB2F732DCCF7D300AE0FDA /* Joiefull_P12_OC */,
				ACDF2B092DE043E60091D9B3 /* Joiefull_P12_OCTests */,
				ACDB2F632DCCF7CD00AE0FDA /* Products */,
			);
			sourceTree = "<group>";
		};
		ACDB2F632DCCF7CD00AE0FDA /* Products */ = {
			isa = PBXGroup;
			children = (
				ACDB2F622DCCF7CD00AE0FDA /* Joiefull_P12_OC.app */,
				ACDF2AFF2DE043DF0091D9B3 /* Joiefull_P12_OCTests.xctest */,
			);
			name = Products;
			sourceTree = "<group>";
		};
		ACDB2F732DCCF7D300AE0FDA /* Joiefull_P12_OC */ = {
			isa = PBXGroup;
			children = (
				ACDB2F882DCD55EE00AE0FDA /* Services */,
				ACDB2F872DCD55C400AE0FDA /* Features */,
				ACDB2F862DCD559C00AE0FDA /* Core */,
				ACDB2F7F2DCD018D00AE0FDA /* Joiefull-P12-OC-Info.plist */,
				ACDB2F792DCD010000AE0FDA /* Shared */,
			);
			path = Joiefull_P12_OC;
			sourceTree = "<group>";
		};
		ACDB2F792DCD010000AE0FDA /* Shared */ = {
			isa = PBXGroup;
			children = (
				ACDB2F8F2DCDF08500AE0FDA /* Components.swift */,
				ACDB2F772DCD006D00AE0FDA /* TextStyle.swift */,
				ACDB2F702DCCF7D300AE0FDA /* Assets.xcassets */,
				ACDB2F7A2DCD010E00AE0FDA /* Fonts */,
			);
			path = Shared;
			sourceTree = "<group>";
		};
		ACDB2F7A2DCD010E00AE0FDA /* Fonts */ = {
			isa = PBXGroup;
			children = (
				ACDB2F7D2DCD013D00AE0FDA /* OpenSans-Regular.ttf */,
				ACDB2F7B2DCD012F00AE0FDA /* OpenSans-SemiBold.ttf */,
			);
			path = Fonts;
			sourceTree = "<group>";
		};
		ACDB2F862DCD559C00AE0FDA /* Core */ = {
			isa = PBXGroup;
			children = (
				ACDB2F712DCCF7D300AE0FDA /* ContentView.swift */,
				ACDB2F722DCCF7D300AE0FDA /* Joiefull_P12_OCApp.swift */,
			);
			path = Core;
			sourceTree = "<group>";
		};
		ACDB2F872DCD55C400AE0FDA /* Features */ = {
			isa = PBXGroup;
			children = (
				ACB56EC92DE846C200F3404A /* ActivityView.swift */,
				ACB56EC72DE8460D00F3404A /* ShareSheetData.swift */,
				ACE35FCF2DD73011004D5D72 /* CatalogViewModel.swift */,
				ACDB2F892DCD580900AE0FDA /* CatalogItemCard.swift */,
				ACDB2F842DCD46B800AE0FDA /* CatalogView.swift */,
				ACDB2F802DCD041000AE0FDA /* ClothingItem.swift */,
				ACDB2F8D2DCDECE900AE0FDA /* ItemDetailView.swift */,
			);
			path = Features;
			sourceTree = "<group>";
		};
		ACDB2F882DCD55EE00AE0FDA /* Services */ = {
			isa = PBXGroup;
			children = (
				ACDF2AF92DDF4B1F0091D9B3 /* DataService.swift */,
				ACDB2F822DCD042500AE0FDA /* APIService.swift */,
			);
			path = Services;
			sourceTree = "<group>";
		};
		ACDF2B092DE043E60091D9B3 /* Joiefull_P12_OCTests */ = {
			isa = PBXGroup;
			children = (
				ACDF2B132DE04B7F0091D9B3 /* MockServices */,
				ACDF2B0B2DE044290091D9B3 /* CatalogViewModelTests.swift */,
			);
			path = Joiefull_P12_OCTests;
			sourceTree = "<group>";
		};
		ACDF2B132DE04B7F0091D9B3 /* MockServices */ = {
			isa = PBXGroup;
			children = (
				ACDF2B0F2DE0485E0091D9B3 /* MockAPIService.swift */,
				ACDF2B0D2DE044380091D9B3 /* MockDataService.swift */,
			);
			path = MockServices;
			sourceTree = "<group>";
		};
/* End PBXGroup section */

/* Begin PBXNativeTarget section */
		ACDB2F612DCCF7CD00AE0FDA /* Joiefull_P12_OC */ = {
			isa = PBXNativeTarget;
			buildConfigurationList = ACDB2F6D2DCCF7CE00AE0FDA /* Build configuration list for PBXNativeTarget "Joiefull_P12_OC" */;
			buildPhases = (
				ACDB2F5E2DCCF7CD00AE0FDA /* Sources */,
				ACDB2F5F2DCCF7CD00AE0FDA /* Frameworks */,
				ACDB2F602DCCF7CD00AE0FDA /* Resources */,
			);
			buildRules = (
			);
			dependencies = (
			);
			name = Joiefull_P12_OC;
			packageProductDependencies = (
			);
			productName = Joiefull_P12_OC;
			productReference = ACDB2F622DCCF7CD00AE0FDA /* Joiefull_P12_OC.app */;
			productType = "com.apple.product-type.application";
		};
		ACDF2AFE2DE043DF0091D9B3 /* Joiefull_P12_OCTests */ = {
			isa = PBXNativeTarget;
			buildConfigurationList = ACDF2B052DE043DF0091D9B3 /* Build configuration list for PBXNativeTarget "Joiefull_P12_OCTests" */;
			buildPhases = (
				ACDF2AFB2DE043DF0091D9B3 /* Sources */,
				ACDF2AFC2DE043DF0091D9B3 /* Frameworks */,
				ACDF2AFD2DE043DF0091D9B3 /* Resources */,
			);
			buildRules = (
			);
			dependencies = (
				ACDF2B042DE043DF0091D9B3 /* PBXTargetDependency */,
			);
			name = Joiefull_P12_OCTests;
			packageProductDependencies = (
			);
			productName = Joiefull_P12_OCTests;
			productReference = ACDF2AFF2DE043DF0091D9B3 /* Joiefull_P12_OCTests.xctest */;
			productType = "com.apple.product-type.bundle.unit-test";
		};
/* End PBXNativeTarget section */

/* Begin PBXProject section */
		ACDB2F5A2DCCF7CD00AE0FDA /* Project object */ = {
			isa = PBXProject;
			attributes = {
				BuildIndependentTargetsInParallel = 1;
				LastSwiftUpdateCheck = 1630;
				LastUpgradeCheck = 1630;
				TargetAttributes = {
					ACDB2F612DCCF7CD00AE0FDA = {
						CreatedOnToolsVersion = 16.3;
					};
					ACDF2AFE2DE043DF0091D9B3 = {
						CreatedOnToolsVersion = 16.3;
						TestTargetID = ACDB2F612DCCF7CD00AE0FDA;
					};
				};
			};
			buildConfigurationList = ACDB2F5D2DCCF7CD00AE0FDA /* Build configuration list for PBXProject "Joiefull_P12_OC" */;
			developmentRegion = en;
			hasScannedForEncodings = 0;
			knownRegions = (
				en,
				Base,
			);
			mainGroup = ACDB2F592DCCF7CD00AE0FDA;
			minimizedProjectReferenceProxies = 1;
			preferredProjectObjectVersion = 77;
			productRefGroup = ACDB2F632DCCF7CD00AE0FDA /* Products */;
			projectDirPath = "";
			projectRoot = "";
			targets = (
				ACDB2F612DCCF7CD00AE0FDA /* Joiefull_P12_OC */,
				ACDF2AFE2DE043DF0091D9B3 /* Joiefull_P12_OCTests */,
			);
		};
/* End PBXProject section */

/* Begin PBXResourcesBuildPhase section */
		ACDB2F602DCCF7CD00AE0FDA /* Resources */ = {
			isa = PBXResourcesBuildPhase;
			buildActionMask = 2147483647;
			files = (
				ACDB2F7C2DCD012F00AE0FDA /* OpenSans-SemiBold.ttf in Resources */,
				ACDB2F7E2DCD013D00AE0FDA /* OpenSans-Regular.ttf in Resources */,
				ACDB2F742DCCF7D300AE0FDA /* Assets.xcassets in Resources */,
			);
			runOnlyForDeploymentPostprocessing = 0;
		};
		ACDF2AFD2DE043DF0091D9B3 /* Resources */ = {
			isa = PBXResourcesBuildPhase;
			buildActionMask = 2147483647;
			files = (
			);
			runOnlyForDeploymentPostprocessing = 0;
		};
/* End PBXResourcesBuildPhase section */

/* Begin PBXSourcesBuildPhase section */
		ACDB2F5E2DCCF7CD00AE0FDA /* Sources */ = {
			isa = PBXSourcesBuildPhase;
			buildActionMask = 2147483647;
			files = (
				ACDB2F812DCD041000AE0FDA /* ClothingItem.swift in Sources */,
				ACDB2F832DCD042500AE0FDA /* APIService.swift in Sources */,
				ACDB2F782DCD006D00AE0FDA /* TextStyle.swift in Sources */,
				ACDF2AFA2DDF4B1F0091D9B3 /* DataService.swift in Sources */,
				ACDB2F752DCCF7D300AE0FDA /* ContentView.swift in Sources */,
				ACDB2F8E2DCDECE900AE0FDA /* ItemDetailView.swift in Sources */,
				ACDB2F852DCD46B800AE0FDA /* CatalogView.swift in Sources */,
				ACDB2F762DCCF7D300AE0FDA /* Joiefull_P12_OCApp.swift in Sources */,
				ACDB2F902DCDF08500AE0FDA /* Components.swift in Sources */,
				ACE35FD02DD73011004D5D72 /* CatalogViewModel.swift in Sources */,
				ACDB2F8A2DCD580900AE0FDA /* CatalogItemCard.swift in Sources */,
				ACB56ECA2DE846C200F3404A /* ActivityView.swift in Sources */,
				ACB56EC82DE8460D00F3404A /* ShareSheetData.swift in Sources */,
			);
			runOnlyForDeploymentPostprocessing = 0;
		};
		ACDF2AFB2DE043DF0091D9B3 /* Sources */ = {
			isa = PBXSourcesBuildPhase;
			buildActionMask = 2147483647;
			files = (
				ACDF2B102DE0485E0091D9B3 /* MockAPIService.swift in Sources */,
				ACDF2B0C2DE044290091D9B3 /* CatalogViewModelTests.swift in Sources */,
				ACDF2B0E2DE044380091D9B3 /* MockDataService.swift in Sources */,
			);
			runOnlyForDeploymentPostprocessing = 0;
		};
/* End PBXSourcesBuildPhase section */

/* Begin PBXTargetDependency section */
		ACDF2B042DE043DF0091D9B3 /* PBXTargetDependency */ = {
			isa = PBXTargetDependency;
			target = ACDB2F612DCCF7CD00AE0FDA /* Joiefull_P12_OC */;
			targetProxy = ACDF2B032DE043DF0091D9B3 /* PBXContainerItemProxy */;
		};
/* End PBXTargetDependency section */

/* Begin XCBuildConfiguration section */
		ACDB2F6B2DCCF7CE00AE0FDA /* Debug */ = {
			isa = XCBuildConfiguration;
			buildSettings = {
				ALWAYS_SEARCH_USER_PATHS = NO;
				ASSETCATALOG_COMPILER_GENERATE_SWIFT_ASSET_SYMBOL_EXTENSIONS = YES;
				CLANG_ANALYZER_NONNULL = YES;
				CLANG_ANALYZER_NUMBER_OBJECT_CONVERSION = YES_AGGRESSIVE;
				CLANG_CXX_LANGUAGE_STANDARD = "gnu++20";
				CLANG_ENABLE_MODULES = YES;
				CLANG_ENABLE_OBJC_ARC = YES;
				CLANG_ENABLE_OBJC_WEAK = YES;
				CLANG_WARN_BLOCK_CAPTURE_AUTORELEASING = YES;
				CLANG_WARN_BOOL_CONVERSION = YES;
				CLANG_WARN_COMMA = YES;
				CLANG_WARN_CONSTANT_CONVERSION = YES;
				CLANG_WARN_DEPRECATED_OBJC_IMPLEMENTATIONS = YES;
				CLANG_WARN_DIRECT_OBJC_ISA_USAGE = YES_ERROR;
				CLANG_WARN_DOCUMENTATION_COMMENTS = YES;
				CLANG_WARN_EMPTY_BODY = YES;
				CLANG_WARN_ENUM_CONVERSION = YES;
				CLANG_WARN_INFINITE_RECURSION = YES;
				CLANG_WARN_INT_CONVERSION = YES;
				CLANG_WARN_NON_LITERAL_NULL_CONVERSION = YES;
				CLANG_WARN_OBJC_IMPLICIT_RETAIN_SELF = YES;
				CLANG_WARN_OBJC_LITERAL_CONVERSION = YES;
				CLANG_WARN_OBJC_ROOT_CLASS = YES_ERROR;
				CLANG_WARN_QUOTED_INCLUDE_IN_FRAMEWORK_HEADER = YES;
				CLANG_WARN_RANGE_LOOP_ANALYSIS = YES;
				CLANG_WARN_STRICT_PROTOTYPES = YES;
				CLANG_WARN_SUSPICIOUS_MOVE = YES;
				CLANG_WARN_UNGUARDED_AVAILABILITY = YES_AGGRESSIVE;
				CLANG_WARN_UNREACHABLE_CODE = YES;
				CLANG_WARN__DUPLICATE_METHOD_MATCH = YES;
				COPY_PHASE_STRIP = NO;
				DEBUG_INFORMATION_FORMAT = dwarf;
				DEVELOPMENT_TEAM = NJWKSQXR8C;
				ENABLE_STRICT_OBJC_MSGSEND = YES;
				ENABLE_TESTABILITY = YES;
				ENABLE_USER_SCRIPT_SANDBOXING = YES;
				GCC_C_LANGUAGE_STANDARD = gnu17;
				GCC_DYNAMIC_NO_PIC = NO;
				GCC_NO_COMMON_BLOCKS = YES;
				GCC_OPTIMIZATION_LEVEL = 0;
				GCC_PREPROCESSOR_DEFINITIONS = (
					"DEBUG=1",
					"$(inherited)",
				);
				GCC_WARN_64_TO_32_BIT_CONVERSION = YES;
				GCC_WARN_ABOUT_RETURN_TYPE = YES_ERROR;
				GCC_WARN_UNDECLARED_SELECTOR = YES;
				GCC_WARN_UNINITIALIZED_AUTOS = YES_AGGRESSIVE;
				GCC_WARN_UNUSED_FUNCTION = YES;
				GCC_WARN_UNUSED_VARIABLE = YES;
				IPHONEOS_DEPLOYMENT_TARGET = 18.4;
				LOCALIZATION_PREFERS_STRING_CATALOGS = YES;
				MTL_ENABLE_DEBUG_INFO = INCLUDE_SOURCE;
				MTL_FAST_MATH = YES;
				ONLY_ACTIVE_ARCH = YES;
				SDKROOT = iphoneos;
				SWIFT_ACTIVE_COMPILATION_CONDITIONS = "DEBUG $(inherited)";
				SWIFT_OPTIMIZATION_LEVEL = "-Onone";
			};
			name = Debug;
		};
		ACDB2F6C2DCCF7CE00AE0FDA /* Release */ = {
			isa = XCBuildConfiguration;
			buildSettings = {
				ALWAYS_SEARCH_USER_PATHS = NO;
				ASSETCATALOG_COMPILER_GENERATE_SWIFT_ASSET_SYMBOL_EXTENSIONS = YES;
				CLANG_ANALYZER_NONNULL = YES;
				CLANG_ANALYZER_NUMBER_OBJECT_CONVERSION = YES_AGGRESSIVE;
				CLANG_CXX_LANGUAGE_STANDARD = "gnu++20";
				CLANG_ENABLE_MODULES = YES;
				CLANG_ENABLE_OBJC_ARC = YES;
				CLANG_ENABLE_OBJC_WEAK = YES;
				CLANG_WARN_BLOCK_CAPTURE_AUTORELEASING = YES;
				CLANG_WARN_BOOL_CONVERSION = YES;
				CLANG_WARN_COMMA = YES;
				CLANG_WARN_CONSTANT_CONVERSION = YES;
				CLANG_WARN_DEPRECATED_OBJC_IMPLEMENTATIONS = YES;
				CLANG_WARN_DIRECT_OBJC_ISA_USAGE = YES_ERROR;
				CLANG_WARN_DOCUMENTATION_COMMENTS = YES;
				CLANG_WARN_EMPTY_BODY = YES;
				CLANG_WARN_ENUM_CONVERSION = YES;
				CLANG_WARN_INFINITE_RECURSION = YES;
				CLANG_WARN_INT_CONVERSION = YES;
				CLANG_WARN_NON_LITERAL_NULL_CONVERSION = YES;
				CLANG_WARN_OBJC_IMPLICIT_RETAIN_SELF = YES;
				CLANG_WARN_OBJC_LITERAL_CONVERSION = YES;
				CLANG_WARN_OBJC_ROOT_CLASS = YES_ERROR;
				CLANG_WARN_QUOTED_INCLUDE_IN_FRAMEWORK_HEADER = YES;
				CLANG_WARN_RANGE_LOOP_ANALYSIS = YES;
				CLANG_WARN_STRICT_PROTOTYPES = YES;
				CLANG_WARN_SUSPICIOUS_MOVE = YES;
				CLANG_WARN_UNGUARDED_AVAILABILITY = YES_AGGRESSIVE;
				CLANG_WARN_UNREACHABLE_CODE = YES;
				CLANG_WARN__DUPLICATE_METHOD_MATCH = YES;
				COPY_PHASE_STRIP = NO;
				DEBUG_INFORMATION_FORMAT = "dwarf-with-dsym";
				DEVELOPMENT_TEAM = NJWKSQXR8C;
				ENABLE_NS_ASSERTIONS = NO;
				ENABLE_STRICT_OBJC_MSGSEND = YES;
				ENABLE_USER_SCRIPT_SANDBOXING = YES;
				GCC_C_LANGUAGE_STANDARD = gnu17;
				GCC_NO_COMMON_BLOCKS = YES;
				GCC_WARN_64_TO_32_BIT_CONVERSION = YES;
				GCC_WARN_ABOUT_RETURN_TYPE = YES_ERROR;
				GCC_WARN_UNDECLARED_SELECTOR = YES;
				GCC_WARN_UNINITIALIZED_AUTOS = YES_AGGRESSIVE;
				GCC_WARN_UNUSED_FUNCTION = YES;
				GCC_WARN_UNUSED_VARIABLE = YES;
				IPHONEOS_DEPLOYMENT_TARGET = 18.4;
				LOCALIZATION_PREFERS_STRING_CATALOGS = YES;
				MTL_ENABLE_DEBUG_INFO = NO;
				MTL_FAST_MATH = YES;
				SDKROOT = iphoneos;
				SWIFT_COMPILATION_MODE = wholemodule;
				VALIDATE_PRODUCT = YES;
			};
			name = Release;
		};
		ACDB2F6E2DCCF7CE00AE0FDA /* Debug */ = {
			isa = XCBuildConfiguration;
			buildSettings = {
				ASSETCATALOG_COMPILER_APPICON_NAME = AppIcon;
				ASSETCATALOG_COMPILER_GLOBAL_ACCENT_COLOR_NAME = AccentColor;
				CODE_SIGN_STYLE = Automatic;
				CURRENT_PROJECT_VERSION = 1;
				DEVELOPMENT_TEAM = NJWKSQXR8C;
				ENABLE_PREVIEWS = YES;
				GENERATE_INFOPLIST_FILE = YES;
				INFOPLIST_FILE = "Joiefull-P12-OC-Info.plist";
				INFOPLIST_KEY_UIApplicationSceneManifest_Generation = YES;
				INFOPLIST_KEY_UIApplicationSupportsIndirectInputEvents = YES;
				INFOPLIST_KEY_UILaunchScreen_Generation = YES;
				INFOPLIST_KEY_UIRequiresFullScreen = YES;
				INFOPLIST_KEY_UISupportedInterfaceOrientations = UIInterfaceOrientationPortrait;
				INFOPLIST_KEY_UISupportedInterfaceOrientations_iPad = "UIInterfaceOrientationLandscapeLeft UIInterfaceOrientationLandscapeRight";
				IPHONEOS_DEPLOYMENT_TARGET = 18.4;
				LD_RUNPATH_SEARCH_PATHS = (
					"$(inherited)",
					"@executable_path/Frameworks",
				);
				MARKETING_VERSION = 1.0;
				PRODUCT_BUNDLE_IDENTIFIER = "Alexandre-Narek.Joiefull-P12-OC";
				PRODUCT_NAME = "$(TARGET_NAME)";
				SWIFT_EMIT_LOC_STRINGS = YES;
				SWIFT_VERSION = 5.0;
				TARGETED_DEVICE_FAMILY = "1,2";
			};
			name = Debug;
		};
		ACDB2F6F2DCCF7CE00AE0FDA /* Release */ = {
			isa = XCBuildConfiguration;
			buildSettings = {
				ASSETCATALOG_COMPILER_APPICON_NAME = AppIcon;
				ASSETCATALOG_COMPILER_GLOBAL_ACCENT_COLOR_NAME = AccentColor;
				CODE_SIGN_STYLE = Automatic;
				CURRENT_PROJECT_VERSION = 1;
				DEVELOPMENT_TEAM = NJWKSQXR8C;
				ENABLE_PREVIEWS = YES;
				GENERATE_INFOPLIST_FILE = YES;
				INFOPLIST_FILE = "Joiefull-P12-OC-Info.plist";
				INFOPLIST_KEY_UIApplicationSceneManifest_Generation = YES;
				INFOPLIST_KEY_UIApplicationSupportsIndirectInputEvents = YES;
				INFOPLIST_KEY_UILaunchScreen_Generation = YES;
				INFOPLIST_KEY_UIRequiresFullScreen = YES;
				INFOPLIST_KEY_UISupportedInterfaceOrientations = UIInterfaceOrientationPortrait;
				INFOPLIST_KEY_UISupportedInterfaceOrientations_iPad = "UIInterfaceOrientationLandscapeLeft UIInterfaceOrientationLandscapeRight";
				IPHONEOS_DEPLOYMENT_TARGET = 18.4;
				LD_RUNPATH_SEARCH_PATHS = (
					"$(inherited)",
					"@executable_path/Frameworks",
				);
				MARKETING_VERSION = 1.0;
				PRODUCT_BUNDLE_IDENTIFIER = "Alexandre-Narek.Joiefull-P12-OC";
				PRODUCT_NAME = "$(TARGET_NAME)";
				SWIFT_EMIT_LOC_STRINGS = YES;
				SWIFT_VERSION = 5.0;
				TARGETED_DEVICE_FAMILY = "1,2";
			};
			name = Release;
		};
		ACDF2B062DE043DF0091D9B3 /* Debug */ = {
			isa = XCBuildConfiguration;
			buildSettings = {
				BUNDLE_LOADER = "$(TEST_HOST)";
				CODE_SIGN_STYLE = Automatic;
				CURRENT_PROJECT_VERSION = 1;
				DEVELOPMENT_TEAM = NJWKSQXR8C;
				GENERATE_INFOPLIST_FILE = YES;
				MARKETING_VERSION = 1.0;
				PRODUCT_BUNDLE_IDENTIFIER = "Alexandre-Narek.Joiefull-P12-OCTests";
				PRODUCT_NAME = "$(TARGET_NAME)";
				SWIFT_EMIT_LOC_STRINGS = NO;
				SWIFT_VERSION = 5.0;
				TARGETED_DEVICE_FAMILY = "1,2";
				TEST_HOST = "$(BUILT_PRODUCTS_DIR)/Joiefull_P12_OC.app/$(BUNDLE_EXECUTABLE_FOLDER_PATH)/Joiefull_P12_OC";
			};
			name = Debug;
		};
		ACDF2B072DE043DF0091D9B3 /* Release */ = {
			isa = XCBuildConfiguration;
			buildSettings = {
				BUNDLE_LOADER = "$(TEST_HOST)";
				CODE_SIGN_STYLE = Automatic;
				CURRENT_PROJECT_VERSION = 1;
				DEVELOPMENT_TEAM = NJWKSQXR8C;
				GENERATE_INFOPLIST_FILE = YES;
				MARKETING_VERSION = 1.0;
				PRODUCT_BUNDLE_IDENTIFIER = "Alexandre-Narek.Joiefull-P12-OCTests";
				PRODUCT_NAME = "$(TARGET_NAME)";
				SWIFT_EMIT_LOC_STRINGS = NO;
				SWIFT_VERSION = 5.0;
				TARGETED_DEVICE_FAMILY = "1,2";
				TEST_HOST = "$(BUILT_PRODUCTS_DIR)/Joiefull_P12_OC.app/$(BUNDLE_EXECUTABLE_FOLDER_PATH)/Joiefull_P12_OC";
			};
			name = Release;
		};
/* End XCBuildConfiguration section */

/* Begin XCConfigurationList section */
		ACDB2F5D2DCCF7CD00AE0FDA /* Build configuration list for PBXProject "Joiefull_P12_OC" */ = {
			isa = XCConfigurationList;
			buildConfigurations = (
				ACDB2F6B2DCCF7CE00AE0FDA /* Debug */,
				ACDB2F6C2DCCF7CE00AE0FDA /* Release */,
			);
			defaultConfigurationIsVisible = 0;
			defaultConfigurationName = Release;
		};
		ACDB2F6D2DCCF7CE00AE0FDA /* Build configuration list for PBXNativeTarget "Joiefull_P12_OC" */ = {
			isa = XCConfigurationList;
			buildConfigurations = (
				ACDB2F6E2DCCF7CE00AE0FDA /* Debug */,
				ACDB2F6F2DCCF7CE00AE0FDA /* Release */,
			);
			defaultConfigurationIsVisible = 0;
			defaultConfigurationName = Release;
		};
		ACDF2B052DE043DF0091D9B3 /* Build configuration list for PBXNativeTarget "Joiefull_P12_OCTests" */ = {
			isa = XCConfigurationList;
			buildConfigurations = (
				ACDF2B062DE043DF0091D9B3 /* Debug */,
				ACDF2B072DE043DF0091D9B3 /* Release */,
			);
			defaultConfigurationIsVisible = 0;
			defaultConfigurationName = Release;
		};
/* End XCConfigurationList section */
	};
	rootObject = ACDB2F5A2DCCF7CD00AE0FDA /* Project object */;
}
